
Microsoft Visual Studio Solution File, Format Version 12.00
# Visual Studio Version 17
VisualStudioVersion = 17.3.32929.385
MinimumVisualStudioVersion = 10.0.40219.1
Project("{9A19103F-16F7-4668-BE54-9A1E7A4F7556}") = "SAM Random Generator", "SAM Random Generator\SAM Random Generator.csproj", "{BFDFFC90-457E-468D-A140-178301EEB049}"
EndProject
Global
	GlobalSection(SolutionConfigurationPlatforms) = preSolution
		Debug|Any CPU = Debug|Any CPU
		Release|Any CPU = Release|Any CPU
	EndGlobalSection
	GlobalSection(ProjectConfigurationPlatforms) = postSolution
		{BFDFFC90-457E-468D-A140-178301EEB049}.Debug|Any CPU.ActiveCfg = Debug|Any CPU
		{BFDFFC90-457E-468D-A140-178301EEB049}.Debug|Any CPU.Build.0 = Debug|Any CPU
		{BFDFFC90-457E-468D-A140-178301EEB049}.Release|Any CPU.ActiveCfg = Release|Any CPU
		{BFDFFC90-457E-468D-A140-178301EEB049}.Release|Any CPU.Build.0 = Release|Any CPU
	EndGlobalSection
	GlobalSection(SolutionProperties) = preSolution
		HideSolutionNode = FALSE
	EndGlobalSection
	GlobalSection(ExtensibilityGlobals) = postSolution
		SolutionGuid = {0BFB46F2-BF4D-4026-AD77-D49CB94A6143}
	EndGlobalSection
EndGlobal
